
Microsoft Visual Studio Solution File, Format Version 12.00
# Visual Studio Version 16
VisualStudioVersion = 16.0.31729.503
MinimumVisualStudioVersion = 10.0.40219.1
Project("{FAE04EC0-301F-11D3-BF4B-00C04F79EFBC}") = "Demo_c", "Demo_c\Demo_c.csproj", "{17173E6E-0ED8-4254-83F4-CAE68100DB78}"
EndProject
Global
	GlobalSection(SolutionConfigurationPlatforms) = preSolution
		Debug|Any CPU = Debug|Any CPU
		Release|Any CPU = Release|Any CPU
	EndGlobalSection
	GlobalSection(ProjectConfigurationPlatforms) = postSolution
		{17173E6E-0ED8-4254-83F4-CAE68100DB78}.Debug|Any CPU.ActiveCfg = Debug|Any CPU
		{17173E6E-0ED8-4254-83F4-CAE68100DB78}.Debug|Any CPU.Build.0 = Debug|Any CPU
		{17173E6E-0ED8-4254-83F4-CAE68100DB78}.Release|Any CPU.ActiveCfg = Release|Any CPU
		{17173E6E-0ED8-4254-83F4-CAE68100DB78}.Release|Any CPU.Build.0 = Release|Any CPU
	EndGlobalSection
	GlobalSection(SolutionProperties) = preSolution
		HideSolutionNode = FALSE
	EndGlobalSection
	GlobalSection(ExtensibilityGlobals) = postSolution
		SolutionGuid = {A2B932D6-2073-4073-9655-D6CF7163EE18}
	EndGlobalSection
EndGlobal
